// !$*UTF8*$!
{
	archiveVersion = 1;
	classes = {
	};
	objectVersion = 50;
	objects = {

/* Begin PBXBuildFile section */
		046EE45E228E42B700124182 /* AppDelegate.m in Sources */ = {isa = PBXBuildFile; fileRef = 046EE45D228E42B700124182 /* AppDelegate.m */; };
		046EE461228E42B700124182 /* ViewController.m in Sources */ = {isa = PBXBuildFile; fileRef = 046EE460228E42B700124182 /* ViewController.m */; };
		046EE464228E42B700124182 /* Main.storyboard in Resources */ = {isa = PBXBuildFile; fileRef = 046EE462228E42B700124182 /* Main.storyboard */; };
		046EE466228E42BB00124182 /* Assets.xcassets in Resources */ = {isa = PBXBuildFile; fileRef = 046EE465228E42BB00124182 /* Assets.xcassets */; };
		046EE469228E42BB00124182 /* LaunchScreen.storyboard in Resources */ = {isa = PBXBuildFile; fileRef = 046EE467228E42BB00124182 /* LaunchScreen.storyboard */; };
		046EE46C228E42BB00124182 /* main.m in Sources */ = {isa = PBXBuildFile; fileRef = 046EE46B228E42BB00124182 /* main.m */; };
		046EE476228E42BB00124182 /* KNSKUViewTests.m in Sources */ = {isa = PBXBuildFile; fileRef = 046EE475228E42BB00124182 /* KNSKUViewTests.m */; };
		046EE481228E42BB00124182 /* KNSKUViewUITests.m in Sources */ = {isa = PBXBuildFile; fileRef = 046EE480228E42BB00124182 /* KNSKUViewUITests.m */; };
		046EE491228E439A00124182 /* KNSKUDataFilter.m in Sources */ = {isa = PBXBuildFile; fileRef = 046EE490228E439A00124182 /* KNSKUDataFilter.m */; };
		046EE494228E45FA00124182 /* KNSKUProperty.m in Sources */ = {isa = PBXBuildFile; fileRef = 046EE493228E45FA00124182 /* KNSKUProperty.m */; };
		046EE497228E465D00124182 /* KNSKUCondition.m in Sources */ = {isa = PBXBuildFile; fileRef = 046EE496228E465D00124182 /* KNSKUCondition.m */; };
		046EE49B228E496600124182 /* KNSpecificationView.m in Sources */ = {isa = PBXBuildFile; fileRef = 046EE49A228E496600124182 /* KNSpecificationView.m */; };
		046EE4A1228E4A9400124182 /* QCTPropertyCellCollectionViewCell.m in Sources */ = {isa = PBXBuildFile; fileRef = 046EE49F228E4A9400124182 /* QCTPropertyCellCollectionViewCell.m */; };
		046EE4A2228E4A9400124182 /* QCTPropertyHeader.m in Sources */ = {isa = PBXBuildFile; fileRef = 046EE4A0228E4A9400124182 /* QCTPropertyHeader.m */; };
		04873FA3228E4BFB00D09D9A /* KNConsts.m in Sources */ = {isa = PBXBuildFile; fileRef = 04873FA2228E4BFB00D09D9A /* KNConsts.m */; };
		04873FA6228E4D5A00D09D9A /* KN_Common.m in Sources */ = {isa = PBXBuildFile; fileRef = 04873FA5228E4D5A00D09D9A /* KN_Common.m */; };
		F280D797346946B4712FAEAC /* libPods-KNSKUView.a in Frameworks */ = {isa = PBXBuildFile; fileRef = 10DFE05C38F803358D3B21B0 /* libPods-KNSKUView.a */; };
/* End PBXBuildFile section */

/* Begin PBXContainerItemProxy section */
		046EE472228E42BB00124182 /* PBXContainerItemProxy */ = {
			isa = PBXContainerItemProxy;
			containerPortal = 046EE451228E42B700124182 /* Project object */;
			proxyType = 1;
			remoteGlobalIDString = 046EE458228E42B700124182;
			remoteInfo = KNSKUView;
		};
		046EE47D228E42BB00124182 /* PBXContainerItemProxy */ = {
			isa = PBXContainerItemProxy;
			containerPortal = 046EE451228E42B700124182 /* Project object */;
			proxyType = 1;
			remoteGlobalIDString = 046EE458228E42B700124182;
			remoteInfo = KNSKUView;
		};
/* End PBXContainerItemProxy section */

/* Begin PBXFileReference section */
		046EE459228E42B700124182 /* KNSKUView.app */ = {isa = PBXFileReference; explicitFileType = wrapper.application; includeInIndex = 0; path = KNSKUView.app; sourceTree = BUILT_PRODUCTS_DIR; };
		046EE45C228E42B700124182 /* AppDelegate.h */ = {isa = PBXFileReference; lastKnownFileType = sourcecode.c.h; path = AppDelegate.h; sourceTree = "<group>"; };
		046EE45D228E42B700124182 /* AppDelegate.m */ = {isa = PBXFileReference; lastKnownFileType = sourcecode.c.objc; path = AppDelegate.m; sourceTree = "<group>"; };
		046EE45F228E42B700124182 /* ViewController.h */ = {isa = PBXFileReference; lastKnownFileType = sourcecode.c.h; path = ViewController.h; sourceTree = "<group>"; };
		046EE460228E42B700124182 /* ViewController.m */ = {isa = PBXFileReference; lastKnownFileType = sourcecode.c.objc; path = ViewController.m; sourceTree = "<group>"; };
		046EE463228E42B700124182 /* Base */ = {isa = PBXFileReference; lastKnownFileType = file.storyboard; name = Base; path = Base.lproj/Main.storyboard; sourceTree = "<group>"; };
		046EE465228E42BB00124182 /* Assets.xcassets */ = {isa = PBXFileReference; lastKnownFileType = folder.assetcatalog; path = Assets.xcassets; sourceTree = "<group>"; };
		046EE468228E42BB00124182 /* Base */ = {isa = PBXFileReference; lastKnownFileType = file.storyboard; name = Base; path = Base.lproj/LaunchScreen.storyboard; sourceTree = "<group>"; };
		046EE46A228E42BB00124182 /* Info.plist */ = {isa = PBXFileReference; lastKnownFileType = text.plist.xml; path = Info.plist; sourceTree = "<group>"; };
		046EE46B228E42BB00124182 /* main.m */ = {isa = PBXFileReference; lastKnownFileType = sourcecode.c.objc; path = main.m; sourceTree = "<group>"; };
		046EE471228E42BB00124182 /* KNSKUViewTests.xctest */ = {isa = PBXFileReference; explicitFileType = wrapper.cfbundle; includeInIndex = 0; path = KNSKUViewTests.xctest; sourceTree = BUILT_PRODUCTS_DIR; };
		046EE475228E42BB00124182 /* KNSKUViewTests.m */ = {isa = PBXFileReference; lastKnownFileType = sourcecode.c.objc; path = KNSKUViewTests.m; sourceTree = "<group>"; };
		046EE477228E42BB00124182 /* Info.plist */ = {isa = PBXFileReference; lastKnownFileType = text.plist.xml; path = Info.plist; sourceTree = "<group>"; };
		046EE47C228E42BB00124182 /* KNSKUViewUITests.xctest */ = {isa = PBXFileReference; explicitFileType = wrapper.cfbundle; includeInIndex = 0; path = KNSKUViewUITests.xctest; sourceTree = BUILT_PRODUCTS_DIR; };
		046EE480228E42BB00124182 /* KNSKUViewUITests.m */ = {isa = PBXFileReference; lastKnownFileType = sourcecode.c.objc; path = KNSKUViewUITests.m; sourceTree = "<group>"; };
		046EE482228E42BB00124182 /* Info.plist */ = {isa = PBXFileReference; lastKnownFileType = text.plist.xml; path = Info.plist; sourceTree = "<group>"; };
		046EE48F228E439A00124182 /* KNSKUDataFilter.h */ = {isa = PBXFileReference; lastKnownFileType = sourcecode.c.h; path = KNSKUDataFilter.h; sourceTree = "<group>"; };
		046EE490228E439A00124182 /* KNSKUDataFilter.m */ = {isa = PBXFileReference; lastKnownFileType = sourcecode.c.objc; path = KNSKUDataFilter.m; sourceTree = "<group>"; };
		046EE492228E45FA00124182 /* KNSKUProperty.h */ = {isa = PBXFileReference; lastKnownFileType = sourcecode.c.h; path = KNSKUProperty.h; sourceTree = "<group>"; };
		046EE493228E45FA00124182 /* KNSKUProperty.m */ = {isa = PBXFileReference; lastKnownFileType = sourcecode.c.objc; path = KNSKUProperty.m; sourceTree = "<group>"; };
		046EE495228E465D00124182 /* KNSKUCondition.h */ = {isa = PBXFileReference; lastKnownFileType = sourcecode.c.h; path = KNSKUCondition.h; sourceTree = "<group>"; };
		046EE496228E465D00124182 /* KNSKUCondition.m */ = {isa = PBXFileReference; lastKnownFileType = sourcecode.c.objc; path = KNSKUCondition.m; sourceTree = "<group>"; };
		046EE499228E496600124182 /* KNSpecificationView.h */ = {isa = PBXFileReference; lastKnownFileType = sourcecode.c.h; path = KNSpecificationView.h; sourceTree = "<group>"; };
		046EE49A228E496600124182 /* KNSpecificationView.m */ = {isa = PBXFileReference; lastKnownFileType = sourcecode.c.objc; path = KNSpecificationView.m; sourceTree = "<group>"; };
		046EE49D228E4A9400124182 /* QCTPropertyHeader.h */ = {isa = PBXFileReference; fileEncoding = 4; lastKnownFileType = sourcecode.c.h; path = QCTPropertyHeader.h; sourceTree = "<group>"; };
		046EE49E228E4A9400124182 /* QCTPropertyCellCollectionViewCell.h */ = {isa = PBXFileReference; fileEncoding = 4; lastKnownFileType = sourcecode.c.h; path = QCTPropertyCellCollectionViewCell.h; sourceTree = "<group>"; };
		046EE49F228E4A9400124182 /* QCTPropertyCellCollectionViewCell.m */ = {isa = PBXFileReference; fileEncoding = 4; lastKnownFileType = sourcecode.c.objc; path = QCTPropertyCellCollectionViewCell.m; sourceTree = "<group>"; };
		046EE4A0228E4A9400124182 /* QCTPropertyHeader.m */ = {isa = PBXFileReference; fileEncoding = 4; lastKnownFileType = sourcecode.c.objc; path = QCTPropertyHeader.m; sourceTree = "<group>"; };
		04873FA1228E4BFB00D09D9A /* KNConsts.h */ = {isa = PBXFileReference; lastKnownFileType = sourcecode.c.h; path = KNConsts.h; sourceTree = "<group>"; };
		04873FA2228E4BFB00D09D9A /* KNConsts.m */ = {isa = PBXFileReference; lastKnownFileType = sourcecode.c.objc; path = KNConsts.m; sourceTree = "<group>"; };
		04873FA4228E4D5A00D09D9A /* KN_Common.h */ = {isa = PBXFileReference; lastKnownFileType = sourcecode.c.h; path = KN_Common.h; sourceTree = "<group>"; };
		04873FA5228E4D5A00D09D9A /* KN_Common.m */ = {isa = PBXFileReference; lastKnownFileType = sourcecode.c.objc; path = KN_Common.m; sourceTree = "<group>"; };
		10DFE05C38F803358D3B21B0 /* libPods-KNSKUView.a */ = {isa = PBXFileReference; explicitFileType = archive.ar; includeInIndex = 0; path = "libPods-KNSKUView.a"; sourceTree = BUILT_PRODUCTS_DIR; };
		1883305DEC8D65816D985AEB /* Pods-KNSKUView.debug.xcconfig */ = {isa = PBXFileReference; includeInIndex = 1; lastKnownFileType = text.xcconfig; name = "Pods-KNSKUView.debug.xcconfig"; path = "Pods/Target Support Files/Pods-KNSKUView/Pods-KNSKUView.debug.xcconfig"; sourceTree = "<group>"; };
		D3831A2B2BDD1036EBFB3528 /* Pods-KNSKUView.release.xcconfig */ = {isa = PBXFileReference; includeInIndex = 1; lastKnownFileType = text.xcconfig; name = "Pods-KNSKUView.release.xcconfig"; path = "Pods/Target Support Files/Pods-KNSKUView/Pods-KNSKUView.release.xcconfig"; sourceTree = "<group>"; };
/* End PBXFileReference section */

/* Begin PBXFrameworksBuildPhase section */
		046EE456228E42B700124182 /* Frameworks */ = {
			isa = PBXFrameworksBuildPhase;
			buildActionMask = 2147483647;
			files = (
				F280D797346946B4712FAEAC /* libPods-KNSKUView.a in Frameworks */,
			);
			runOnlyForDeploymentPostprocessing = 0;
		};
		046EE46E228E42BB00124182 /* Frameworks */ = {
			isa = PBXFrameworksBuildPhase;
			buildActionMask = 2147483647;
			files = (
			);
			runOnlyForDeploymentPostprocessing = 0;
		};
		046EE479228E42BB00124182 /* Frameworks */ = {
			isa = PBXFrameworksBuildPhase;
			buildActionMask = 2147483647;
			files = (
			);
			runOnlyForDeploymentPostprocessing = 0;
		};
/* End PBXFrameworksBuildPhase section */

/* Begin PBXGroup section */
		046EE450228E42B700124182 = {
			isa = PBXGroup;
			children = (
				046EE45B228E42B700124182 /* KNSKUView */,
				046EE474228E42BB00124182 /* KNSKUViewTests */,
				046EE45A228E42B700124182 /* Products */,
				56F076935D7C9B7FE22B0CDA /* Pods */,
				7D33AEEEFD170EFE414EC1C0 /* Frameworks */,
			);
			sourceTree = "<group>";
		};
		046EE45A228E42B700124182 /* Products */ = {
			isa = PBXGroup;
			children = (
				046EE459228E42B700124182 /* KNSKUView.app */,
				046EE471228E42BB00124182 /* KNSKUViewTests.xctest */,
				046EE47C228E42BB00124182 /* KNSKUViewUITests.xctest */,
			);
			name = Products;
			sourceTree = "<group>";
		};
		046EE45B228E42B700124182 /* KNSKUView */ = {
			isa = PBXGroup;
			children = (
				046EE498228E494F00124182 /* SpecificationView */,
				046EE48E228E436500124182 /* SKUDataFilter */,
				046EE45C228E42B700124182 /* AppDelegate.h */,
				046EE45D228E42B700124182 /* AppDelegate.m */,
				046EE45F228E42B700124182 /* ViewController.h */,
				046EE460228E42B700124182 /* ViewController.m */,
				046EE462228E42B700124182 /* Main.storyboard */,
				046EE47F228E42BB00124182 /* KNSKUViewUITests */,
				046EE465228E42BB00124182 /* Assets.xcassets */,
				046EE467228E42BB00124182 /* LaunchScreen.storyboard */,
				046EE46A228E42BB00124182 /* Info.plist */,
				046EE46B228E42BB00124182 /* main.m */,
				04873FA1228E4BFB00D09D9A /* KNConsts.h */,
				04873FA4228E4D5A00D09D9A /* KN_Common.h */,
				04873FA5228E4D5A00D09D9A /* KN_Common.m */,
				04873FA2228E4BFB00D09D9A /* KNConsts.m */,
			);
			path = KNSKUView;
			sourceTree = "<group>";
		};
		046EE474228E42BB00124182 /* KNSKUViewTests */ = {
			isa = PBXGroup;
			children = (
				046EE475228E42BB00124182 /* KNSKUViewTests.m */,
				046EE477228E42BB00124182 /* Info.plist */,
			);
			path = KNSKUViewTests;
			sourceTree = "<group>";
		};
		046EE47F228E42BB00124182 /* KNSKUViewUITests */ = {
			isa = PBXGroup;
			children = (
				046EE480228E42BB00124182 /* KNSKUViewUITests.m */,
				046EE482228E42BB00124182 /* Info.plist */,
			);
			path = KNSKUViewUITests;
			sourceTree = "<group>";
		};
		046EE48E228E436500124182 /* SKUDataFilter */ = {
			isa = PBXGroup;
			children = (
				046EE48F228E439A00124182 /* KNSKUDataFilter.h */,
				046EE495228E465D00124182 /* KNSKUCondition.h */,
				046EE496228E465D00124182 /* KNSKUCondition.m */,
				046EE492228E45FA00124182 /* KNSKUProperty.h */,
				046EE493228E45FA00124182 /* KNSKUProperty.m */,
				046EE490228E439A00124182 /* KNSKUDataFilter.m */,
			);
			path = SKUDataFilter;
			sourceTree = "<group>";
		};
		046EE498228E494F00124182 /* SpecificationView */ = {
			isa = PBXGroup;
			children = (
				046EE49C228E4A9400124182 /* PropertyCell */,
				046EE499228E496600124182 /* KNSpecificationView.h */,
				046EE49A228E496600124182 /* KNSpecificationView.m */,
			);
			path = SpecificationView;
			sourceTree = "<group>";
		};
		046EE49C228E4A9400124182 /* PropertyCell */ = {
			isa = PBXGroup;
			children = (
				046EE49D228E4A9400124182 /* QCTPropertyHeader.h */,
				046EE49E228E4A9400124182 /* QCTPropertyCellCollectionViewCell.h */,
				046EE49F228E4A9400124182 /* QCTPropertyCellCollectionViewCell.m */,
				046EE4A0228E4A9400124182 /* QCTPropertyHeader.m */,
			);
			path = PropertyCell;
			sourceTree = "<group>";
		};
		56F076935D7C9B7FE22B0CDA /* Pods */ = {
			isa = PBXGroup;
			children = (
				1883305DEC8D65816D985AEB /* Pods-KNSKUView.debug.xcconfig */,
				D3831A2B2BDD1036EBFB3528 /* Pods-KNSKUView.release.xcconfig */,
			);
			name = Pods;
			sourceTree = "<group>";
		};
		7D33AEEEFD170EFE414EC1C0 /* Frameworks */ = {
			isa = PBXGroup;
			children = (
				10DFE05C38F803358D3B21B0 /* libPods-KNSKUView.a */,
			);
			name = Frameworks;
			sourceTree = "<group>";
		};
/* End PBXGroup section */

/* Begin PBXNativeTarget section */
		046EE458228E42B700124182 /* KNSKUView */ = {
			isa = PBXNativeTarget;
			buildConfigurationList = 046EE485228E42BB00124182 /* Build configuration list for PBXNativeTarget "KNSKUView" */;
			buildPhases = (
				86C3C54E4623C2AFAA277435 /* [CP] Check Pods Manifest.lock */,
				046EE455228E42B700124182 /* Sources */,
				046EE456228E42B700124182 /* Frameworks */,
				046EE457228E42B700124182 /* Resources */,
			);
			buildRules = (
			);
			dependencies = (
			);
			name = KNSKUView;
			productName = KNSKUView;
			productReference = 046EE459228E42B700124182 /* KNSKUView.app */;
			productType = "com.apple.product-type.application";
		};
		046EE470228E42BB00124182 /* KNSKUViewTests */ = {
			isa = PBXNativeTarget;
			buildConfigurationList = 046EE488228E42BB00124182 /* Build configuration list for PBXNativeTarget "KNSKUViewTests" */;
			buildPhases = (
				046EE46D228E42BB00124182 /* Sources */,
				046EE46E228E42BB00124182 /* Frameworks */,
				046EE46F228E42BB00124182 /* Resources */,
			);
			buildRules = (
			);
			dependencies = (
				046EE473228E42BB00124182 /* PBXTargetDependency */,
			);
			name = KNSKUViewTests;
			productName = KNSKUViewTests;
			productReference = 046EE471228E42BB00124182 /* KNSKUViewTests.xctest */;
			productType = "com.apple.product-type.bundle.unit-test";
		};
		046EE47B228E42BB00124182 /* KNSKUViewUITests */ = {
			isa = PBXNativeTarget;
			buildConfigurationList = 046EE48B228E42BB00124182 /* Build configuration list for PBXNativeTarget "KNSKUViewUITests" */;
			buildPhases = (
				046EE478228E42BB00124182 /* Sources */,
				046EE479228E42BB00124182 /* Frameworks */,
				046EE47A228E42BB00124182 /* Resources */,
			);
			buildRules = (
			);
			dependencies = (
				046EE47E228E42BB00124182 /* PBXTargetDependency */,
			);
			name = KNSKUViewUITests;
			productName = KNSKUViewUITests;
			productReference = 046EE47C228E42BB00124182 /* KNSKUViewUITests.xctest */;
			productType = "com.apple.product-type.bundle.ui-testing";
		};
/* End PBXNativeTarget section */

/* Begin PBXProject section */
		046EE451228E42B700124182 /* Project object */ = {
			isa = PBXProject;
			attributes = {
				LastUpgradeCheck = 1020;
				ORGANIZATIONNAME = QCT;
				TargetAttributes = {
					046EE458228E42B700124182 = {
						CreatedOnToolsVersion = 10.2.1;
					};
					046EE470228E42BB00124182 = {
						CreatedOnToolsVersion = 10.2.1;
						TestTargetID = 046EE458228E42B700124182;
					};
					046EE47B228E42BB00124182 = {
						CreatedOnToolsVersion = 10.2.1;
						TestTargetID = 046EE458228E42B700124182;
					};
				};
			};
			buildConfigurationList = 046EE454228E42B700124182 /* Build configuration list for PBXProject "KNSKUView" */;
			compatibilityVersion = "Xcode 9.3";
			developmentRegion = en;
			hasScannedForEncodings = 0;
			knownRegions = (
				en,
				Base,
			);
			mainGroup = 046EE450228E42B700124182;
			productRefGroup = 046EE45A228E42B700124182 /* Products */;
			projectDirPath = "";
			projectRoot = "";
			targets = (
				046EE458228E42B700124182 /* KNSKUView */,
				046EE470228E42BB00124182 /* KNSKUViewTests */,
				046EE47B228E42BB00124182 /* KNSKUViewUITests */,
			);
		};
/* End PBXProject section */

/* Begin PBXResourcesBuildPhase section */
		046EE457228E42B700124182 /* Resources */ = {
			isa = PBXResourcesBuildPhase;
			buildActionMask = 2147483647;
			files = (
				046EE469228E42BB00124182 /* LaunchScreen.storyboard in Resources */,
				046EE466228E42BB00124182 /* Assets.xcassets in Resources */,
				046EE464228E42B700124182 /* Main.storyboard in Resources */,
			);
			runOnlyForDeploymentPostprocessing = 0;
		};
		046EE46F228E42BB00124182 /* Resources */ = {
			isa = PBXResourcesBuildPhase;
			buildActionMask = 2147483647;
			files = (
			);
			runOnlyForDeploymentPostprocessing = 0;
		};
		046EE47A228E42BB00124182 /* Resources */ = {
			isa = PBXResourcesBuildPhase;
			buildActionMask = 2147483647;
			files = (
			);
			runOnlyForDeploymentPostprocessing = 0;
		};
/* End PBXResourcesBuildPhase section */

/* Begin PBXShellScriptBuildPhase section */
		86C3C54E4623C2AFAA277435 /* [CP] Check Pods Manifest.lock */ = {
			isa = PBXShellScriptBuildPhase;
			buildActionMask = 2147483647;
			files = (
			);
			inputFileListPaths = (
			);
			inputPaths = (
				"${PODS_PODFILE_DIR_PATH}/Podfile.lock",
				"${PODS_ROOT}/Manifest.lock",
			);
			name = "[CP] Check Pods Manifest.lock";
			outputFileListPaths = (
			);
			outputPaths = (
				"$(DERIVED_FILE_DIR)/Pods-KNSKUView-checkManifestLockResult.txt",
			);
			runOnlyForDeploymentPostprocessing = 0;
			shellPath = /bin/sh;
			shellScript = "diff \"${PODS_PODFILE_DIR_PATH}/Podfile.lock\" \"${PODS_ROOT}/Manifest.lock\" > /dev/null\nif [ $? != 0 ] ; then\n    # print error to STDERR\n    echo \"error: The sandbox is not in sync with the Podfile.lock. Run 'pod install' or update your CocoaPods installation.\" >&2\n    exit 1\nfi\n# This output is used by Xcode 'outputs' to avoid re-running this script phase.\necho \"SUCCESS\" > \"${SCRIPT_OUTPUT_FILE_0}\"\n";
			showEnvVarsInLog = 0;
		};
/* End PBXShellScriptBuildPhase section */

/* Begin PBXSourcesBuildPhase section */
		046EE455228E42B700124182 /* Sources */ = {
			isa = PBXSourcesBuildPhase;
			buildActionMask = 2147483647;
			files = (
				046EE491228E439A00124182 /* KNSKUDataFilter.m in Sources */,
				046EE49B228E496600124182 /* KNSpecificationView.m in Sources */,
				046EE4A1228E4A9400124182 /* QCTPropertyCellCollectionViewCell.m in Sources */,
				046EE494228E45FA00124182 /* KNSKUProperty.m in Sources */,
				046EE4A2228E4A9400124182 /* QCTPropertyHeader.m in Sources */,
				046EE461228E42B700124182 /* ViewController.m in Sources */,
				046EE46C228E42BB00124182 /* main.m in Sources */,
				04873FA6228E4D5A00D09D9A /* KN_Common.m in Sources */,
				046EE497228E465D00124182 /* KNSKUCondition.m in Sources */,
				04873FA3228E4BFB00D09D9A /* KNConsts.m in Sources */,
				046EE45E228E42B700124182 /* AppDelegate.m in Sources */,
			);
			runOnlyForDeploymentPostprocessing = 0;
		};
		046EE46D228E42BB00124182 /* Sources */ = {
			isa = PBXSourcesBuildPhase;
			buildActionMask = 2147483647;
			files = (
				046EE476228E42BB00124182 /* KNSKUViewTests.m in Sources */,
			);
			runOnlyForDeploymentPostprocessing = 0;
		};
		046EE478228E42BB00124182 /* Sources */ = {
			isa = PBXSourcesBuildPhase;
			buildActionMask = 2147483647;
			files = (
				046EE481228E42BB00124182 /* KNSKUViewUITests.m in Sources */,
			);
			runOnlyForDeploymentPostprocessing = 0;
		};
/* End PBXSourcesBuildPhase section */

/* Begin PBXTargetDependency section */
		046EE473228E42BB00124182 /* PBXTargetDependency */ = {
			isa = PBXTargetDependency;
			target = 046EE458228E42B700124182 /* KNSKUView */;
			targetProxy = 046EE472228E42BB00124182 /* PBXContainerItemProxy */;
		};
		046EE47E228E42BB00124182 /* PBXTargetDependency */ = {
			isa = PBXTargetDependency;
			target = 046EE458228E42B700124182 /* KNSKUView */;
			targetProxy = 046EE47D228E42BB00124182 /* PBXContainerItemProxy */;
		};
/* End PBXTargetDependency section */

/* Begin PBXVariantGroup section */
		046EE462228E42B700124182 /* Main.storyboard */ = {
			isa = PBXVariantGroup;
			children = (
				046EE463228E42B700124182 /* Base */,
			);
			name = Main.storyboard;
			sourceTree = "<group>";
		};
		046EE467228E42BB00124182 /* LaunchScreen.storyboard */ = {
			isa = PBXVariantGroup;
			children = (
				046EE468228E42BB00124182 /* Base */,
			);
			name = LaunchScreen.storyboard;
			sourceTree = "<group>";
		};
/* End PBXVariantGroup section */

/* Begin XCBuildConfiguration section */
		046EE483228E42BB00124182 /* Debug */ = {
			isa = XCBuildConfiguration;
			buildSettings = {
				ALWAYS_SEARCH_USER_PATHS = NO;
				CLANG_ANALYZER_NONNULL = YES;
				CLANG_ANALYZER_NUMBER_OBJECT_CONVERSION = YES_AGGRESSIVE;
				CLANG_CXX_LANGUAGE_STANDARD = "gnu++14";
				CLANG_CXX_LIBRARY = "libc++";
				CLANG_ENABLE_MODULES = YES;
				CLANG_ENABLE_OBJC_ARC = YES;
				CLANG_ENABLE_OBJC_WEAK = YES;
				CLANG_WARN_BLOCK_CAPTURE_AUTORELEASING = YES;
				CLANG_WARN_BOOL_CONVERSION = YES;
				CLANG_WARN_COMMA = YES;
				CLANG_WARN_CONSTANT_CONVERSION = YES;
				CLANG_WARN_DEPRECATED_OBJC_IMPLEMENTATIONS = YES;
				CLANG_WARN_DIRECT_OBJC_ISA_USAGE = YES_ERROR;
				CLANG_WARN_DOCUMENTATION_COMMENTS = YES;
				CLANG_WARN_EMPTY_BODY = YES;
				CLANG_WARN_ENUM_CONVERSION = YES;
				CLANG_WARN_INFINITE_RECURSION = YES;
				CLANG_WARN_INT_CONVERSION = YES;
				CLANG_WARN_NON_LITERAL_NULL_CONVERSION = YES;
				CLANG_WARN_OBJC_IMPLICIT_RETAIN_SELF = YES;
				CLANG_WARN_OBJC_LITERAL_CONVERSION = YES;
				CLANG_WARN_OBJC_ROOT_CLASS = YES_ERROR;
				CLANG_WARN_RANGE_LOOP_ANALYSIS = YES;
				CLANG_WARN_STRICT_PROTOTYPES = YES;
				CLANG_WARN_SUSPICIOUS_MOVE = YES;
				CLANG_WARN_UNGUARDED_AVAILABILITY = YES_AGGRESSIVE;
				CLANG_WARN_UNREACHABLE_CODE = YES;
				CLANG_WARN__DUPLICATE_METHOD_MATCH = YES;
				CODE_SIGN_IDENTITY = "iPhone Developer";
				COPY_PHASE_STRIP = NO;
				DEBUG_INFORMATION_FORMAT = dwarf;
				ENABLE_STRICT_OBJC_MSGSEND = YES;
				ENABLE_TESTABILITY = YES;
				GCC_C_LANGUAGE_STANDARD = gnu11;
				GCC_DYNAMIC_NO_PIC = NO;
				GCC_NO_COMMON_BLOCKS = YES;
				GCC_OPTIMIZATION_LEVEL = 0;
				GCC_PREPROCESSOR_DEFINITIONS = (
					"DEBUG=1",
					"$(inherited)",
				);
				GCC_WARN_64_TO_32_BIT_CONVERSION = YES;
				GCC_WARN_ABOUT_RETURN_TYPE = YES_ERROR;
				GCC_WARN_UNDECLARED_SELECTOR = YES;
				GCC_WARN_UNINITIALIZED_AUTOS = YES_AGGRESSIVE;
				GCC_WARN_UNUSED_FUNCTION = YES;
				GCC_WARN_UNUSED_VARIABLE = YES;
				IPHONEOS_DEPLOYMENT_TARGET = 12.2;
				MTL_ENABLE_DEBUG_INFO = INCLUDE_SOURCE;
				MTL_FAST_MATH = YES;
				ONLY_ACTIVE_ARCH = YES;
				SDKROOT = iphoneos;
			};
			name = Debug;
		};
		046EE484228E42BB00124182 /* Release */ = {
			isa = XCBuildConfiguration;
			buildSettings = {
				ALWAYS_SEARCH_USER_PATHS = NO;
				CLANG_ANALYZER_NONNULL = YES;
				CLANG_ANALYZER_NUMBER_OBJECT_CONVERSION = YES_AGGRESSIVE;
				CLANG_CXX_LANGUAGE_STANDARD = "gnu++14";
				CLANG_CXX_LIBRARY = "libc++";
				CLANG_ENABLE_MODULES = YES;
				CLANG_ENABLE_OBJC_ARC = YES;
				CLANG_ENABLE_OBJC_WEAK = YES;
				CLANG_WARN_BLOCK_CAPTURE_AUTORELEASING = YES;
				CLANG_WARN_BOOL_CONVERSION = YES;
				CLANG_WARN_COMMA = YES;
				CLANG_WARN_CONSTANT_CONVERSION = YES;
				CLANG_WARN_DEPRECATED_OBJC_IMPLEMENTATIONS = YES;
				CLANG_WARN_DIRECT_OBJC_ISA_USAGE = YES_ERROR;
				CLANG_WARN_DOCUMENTATION_COMMENTS = YES;
				CLANG_WARN_EMPTY_BODY = YES;
				CLANG_WARN_ENUM_CONVERSION = YES;
				CLANG_WARN_INFINITE_RECURSION = YES;
				CLANG_WARN_INT_CONVERSION = YES;
				CLANG_WARN_NON_LITERAL_NULL_CONVERSION = YES;
				CLANG_WARN_OBJC_IMPLICIT_RETAIN_SELF = YES;
				CLANG_WARN_OBJC_LITERAL_CONVERSION = YES;
				CLANG_WARN_OBJC_ROOT_CLASS = YES_ERROR;
				CLANG_WARN_RANGE_LOOP_ANALYSIS = YES;
				CLANG_WARN_STRICT_PROTOTYPES = YES;
				CLANG_WARN_SUSPICIOUS_MOVE = YES;
				CLANG_WARN_UNGUARDED_AVAILABILITY = YES_AGGRESSIVE;
				CLANG_WARN_UNREACHABLE_CODE = YES;
				CLANG_WARN__DUPLICATE_METHOD_MATCH = YES;
				CODE_SIGN_IDENTITY = "iPhone Developer";
				COPY_PHASE_STRIP = NO;
				DEBUG_INFORMATION_FORMAT = "dwarf-with-dsym";
				ENABLE_NS_ASSERTIONS = NO;
				ENABLE_STRICT_OBJC_MSGSEND = YES;
				GCC_C_LANGUAGE_STANDARD = gnu11;
				GCC_NO_COMMON_BLOCKS = YES;
				GCC_WARN_64_TO_32_BIT_CONVERSION = YES;
				GCC_WARN_ABOUT_RETURN_TYPE = YES_ERROR;
				GCC_WARN_UNDECLARED_SELECTOR = YES;
				GCC_WARN_UNINITIALIZED_AUTOS = YES_AGGRESSIVE;
				GCC_WARN_UNUSED_FUNCTION = YES;
				GCC_WARN_UNUSED_VARIABLE = YES;
				IPHONEOS_DEPLOYMENT_TARGET = 12.2;
				MTL_ENABLE_DEBUG_INFO = NO;
				MTL_FAST_MATH = YES;
				SDKROOT = iphoneos;
				VALIDATE_PRODUCT = YES;
			};
			name = Release;
		};
		046EE486228E42BB00124182 /* Debug */ = {
			isa = XCBuildConfiguration;
			baseConfigurationReference = 1883305DEC8D65816D985AEB /* Pods-KNSKUView.debug.xcconfig */;
			buildSettings = {
				ASSETCATALOG_COMPILER_APPICON_NAME = AppIcon;
				CODE_SIGN_STYLE = Automatic;
				DEVELOPMENT_TEAM = 249PMS4KB9;
				INFOPLIST_FILE = KNSKUView/Info.plist;
				LD_RUNPATH_SEARCH_PATHS = (
					"$(inherited)",
					"@executable_path/Frameworks",
				);
				PRODUCT_BUNDLE_IDENTIFIER = QCT.KNSKUView;
				PRODUCT_NAME = "$(TARGET_NAME)";
				TARGETED_DEVICE_FAMILY = "1,2";
			};
			name = Debug;
		};
		046EE487228E42BB00124182 /* Release */ = {
			isa = XCBuildConfiguration;
			baseConfigurationReference = D3831A2B2BDD1036EBFB3528 /* Pods-KNSKUView.release.xcconfig */;
			buildSettings = {
				ASSETCATALOG_COMPILER_APPICON_NAME = AppIcon;
				CODE_SIGN_STYLE = Automatic;
				DEVELOPMENT_TEAM = 249PMS4KB9;
				INFOPLIST_FILE = KNSKUView/Info.plist;
				LD_RUNPATH_SEARCH_PATHS = (
					"$(inherited)",
					"@executable_path/Frameworks",
				);
				PRODUCT_BUNDLE_IDENTIFIER = QCT.KNSKUView;
				PRODUCT_NAME = "$(TARGET_NAME)";
				TARGETED_DEVICE_FAMILY = "1,2";
			};
			name = Release;
		};
		046EE489228E42BB00124182 /* Debug */ = {
			isa = XCBuildConfiguration;
			buildSettings = {
				BUNDLE_LOADER = "$(TEST_HOST)";
				CODE_SIGN_STYLE = Automatic;
				DEVELOPMENT_TEAM = 249PMS4KB9;
				INFOPLIST_FILE = KNSKUViewTests/Info.plist;
				LD_RUNPATH_SEARCH_PATHS = (
					"$(inherited)",
					"@executable_path/Frameworks",
					"@loader_path/Frameworks",
				);
				PRODUCT_BUNDLE_IDENTIFIER = QCT.KNSKUViewTests;
				PRODUCT_NAME = "$(TARGET_NAME)";
				TARGETED_DEVICE_FAMILY = "1,2";
				TEST_HOST = "$(BUILT_PRODUCTS_DIR)/KNSKUView.app/KNSKUView";
			};
			name = Debug;
		};
		046EE48A228E42BB00124182 /* Release */ = {
			isa = XCBuildConfiguration;
			buildSettings = {
				BUNDLE_LOADER = "$(TEST_HOST)";
				CODE_SIGN_STYLE = Automatic;
				DEVELOPMENT_TEAM = 249PMS4KB9;
				INFOPLIST_FILE = KNSKUViewTests/Info.plist;
				LD_RUNPATH_SEARCH_PATHS = (
					"$(inherited)",
					"@executable_path/Frameworks",
					"@loader_path/Frameworks",
				);
				PRODUCT_BUNDLE_IDENTIFIER = QCT.KNSKUViewTests;
				PRODUCT_NAME = "$(TARGET_NAME)";
				TARGETED_DEVICE_FAMILY = "1,2";
				TEST_HOST = "$(BUILT_PRODUCTS_DIR)/KNSKUView.app/KNSKUView";
			};
			name = Release;
		};
		046EE48C228E42BB00124182 /* Debug */ = {
			isa = XCBuildConfiguration;
			buildSettings = {
				CODE_SIGN_STYLE = Automatic;
				DEVELOPMENT_TEAM = 249PMS4KB9;
				INFOPLIST_FILE = KNSKUViewUITests/Info.plist;
				LD_RUNPATH_SEARCH_PATHS = (
					"$(inherited)",
					"@executable_path/Frameworks",
					"@loader_path/Frameworks",
				);
				PRODUCT_BUNDLE_IDENTIFIER = QCT.KNSKUViewUITests;
				PRODUCT_NAME = "$(TARGET_NAME)";
				TARGETED_DEVICE_FAMILY = "1,2";
				TEST_TARGET_NAME = KNSKUView;
			};
			name = Debug;
		};
		046EE48D228E42BB00124182 /* Release */ = {
			isa = XCBuildConfiguration;
			buildSettings = {
				CODE_SIGN_STYLE = Automatic;
				DEVELOPMENT_TEAM = 249PMS4KB9;
				INFOPLIST_FILE = KNSKUViewUITests/Info.plist;
				LD_RUNPATH_SEARCH_PATHS = (
					"$(inherited)",
					"@executable_path/Frameworks",
					"@loader_path/Frameworks",
				);
				PRODUCT_BUNDLE_IDENTIFIER = QCT.KNSKUViewUITests;
				PRODUCT_NAME = "$(TARGET_NAME)";
				TARGETED_DEVICE_FAMILY = "1,2";
				TEST_TARGET_NAME = KNSKUView;
			};
			name = Release;
		};
/* End XCBuildConfiguration section */

/* Begin XCConfigurationList section */
		046EE454228E42B700124182 /* Build configuration list for PBXProject "KNSKUView" */ = {
			isa = XCConfigurationList;
			buildConfigurations = (
				046EE483228E42BB00124182 /* Debug */,
				046EE484228E42BB00124182 /* Release */,
			);
			defaultConfigurationIsVisible = 0;
			defaultConfigurationName = Release;
		};
		046EE485228E42BB00124182 /* Build configuration list for PBXNativeTarget "KNSKUView" */ = {
			isa = XCConfigurationList;
			buildConfigurations = (
				046EE486228E42BB00124182 /* Debug */,
				046EE487228E42BB00124182 /* Release */,
			);
			defaultConfigurationIsVisible = 0;
			defaultConfigurationName = Release;
		};
		046EE488228E42BB00124182 /* Build configuration list for PBXNativeTarget "KNSKUViewTests" */ = {
			isa = XCConfigurationList;
			buildConfigurations = (
				046EE489228E42BB00124182 /* Debug */,
				046EE48A228E42BB00124182 /* Release */,
			);
			defaultConfigurationIsVisible = 0;
			defaultConfigurationName = Release;
		};
		046EE48B228E42BB00124182 /* Build configuration list for PBXNativeTarget "KNSKUViewUITests" */ = {
			isa = XCConfigurationList;
			buildConfigurations = (
				046EE48C228E42BB00124182 /* Debug */,
				046EE48D228E42BB00124182 /* Release */,
			);
			defaultConfigurationIsVisible = 0;
			defaultConfigurationName = Release;
		};
/* End XCConfigurationList section */
	};
	rootObject = 046EE451228E42B700124182 /* Project object */;
}
